
Microsoft Visual Studio Solution File, Format Version 12.00
# Visual Studio Version 17
VisualStudioVersion = 17.9.34616.47
MinimumVisualStudioVersion = 10.0.40219.1
Project("{FAE04EC0-301F-11D3-BF4B-00C04F79EFBC}") = "Hospitel MS", "Hospitel MS\Hospitel MS.csproj", "{21EA967F-6DCE-4E35-A251-EED3EE422801}"
EndProject
Global
	GlobalSection(SolutionConfigurationPlatforms) = preSolution
		Debug|Any CPU = Debug|Any CPU
		Release|Any CPU = Release|Any CPU
	EndGlobalSection
	GlobalSection(ProjectConfigurationPlatforms) = postSolution
		{21EA967F-6DCE-4E35-A251-EED3EE422801}.Debug|Any CPU.ActiveCfg = Debug|Any CPU
		{21EA967F-6DCE-4E35-A251-EED3EE422801}.Debug|Any CPU.Build.0 = Debug|Any CPU
		{21EA967F-6DCE-4E35-A251-EED3EE422801}.Release|Any CPU.ActiveCfg = Release|Any CPU
		{21EA967F-6DCE-4E35-A251-EED3EE422801}.Release|Any CPU.Build.0 = Release|Any CPU
	EndGlobalSection
	GlobalSection(SolutionProperties) = preSolution
		HideSolutionNode = FALSE
	EndGlobalSection
	GlobalSection(ExtensibilityGlobals) = postSolution
		SolutionGuid = {75C4FD8D-9128-44E4-9EA6-797AA3C5C10E}
	EndGlobalSection
EndGlobal
